
Microsoft Visual Studio Solution File, Format Version 12.00
Project("{FAE04EC0-301F-11D3-BF4B-00C04F79EFBC}") = "WebTest", "WebTest\WebTest.csproj", "{00D02ADB-5870-4C2D-BCE8-504698983CDD}"
EndProject
Global
	GlobalSection(SolutionConfigurationPlatforms) = preSolution
		Debug|Any CPU = Debug|Any CPU
		Release|Any CPU = Release|Any CPU
	EndGlobalSection
	GlobalSection(ProjectConfigurationPlatforms) = postSolution
		{00D02ADB-5870-4C2D-BCE8-504698983CDD}.Debug|Any CPU.ActiveCfg = Debug|Any CPU
		{00D02ADB-5870-4C2D-BCE8-504698983CDD}.Debug|Any CPU.Build.0 = Debug|Any CPU
		{00D02ADB-5870-4C2D-BCE8-504698983CDD}.Release|Any CPU.ActiveCfg = Release|Any CPU
		{00D02ADB-5870-4C2D-BCE8-504698983CDD}.Release|Any CPU.Build.0 = Release|Any CPU
	EndGlobalSection
EndGlobal
